
Microsoft Visual Studio Solution File, Format Version 12.00
# Visual Studio 2012
Project("{FAE04EC0-301F-11D3-BF4B-00C04F79EFBC}") = "iOSStackView", "iOSStackView\iOSStackView.csproj", "{F392D75D-4255-43F3-873A-299F6859115A}"
EndProject
Global
	GlobalSection(SolutionConfigurationPlatforms) = preSolution
		Debug|iPhoneSimulator = Debug|iPhoneSimulator
		Release|iPhone = Release|iPhone
		Release|iPhoneSimulator = Release|iPhoneSimulator
		Debug|iPhone = Debug|iPhone
	EndGlobalSection
	GlobalSection(ProjectConfigurationPlatforms) = postSolution
		{F392D75D-4255-43F3-873A-299F6859115A}.Debug|iPhoneSimulator.ActiveCfg = Debug|iPhoneSimulator
		{F392D75D-4255-43F3-873A-299F6859115A}.Debug|iPhoneSimulator.Build.0 = Debug|iPhoneSimulator
		{F392D75D-4255-43F3-873A-299F6859115A}.Release|iPhone.ActiveCfg = Release|iPhone
		{F392D75D-4255-43F3-873A-299F6859115A}.Release|iPhone.Build.0 = Release|iPhone
		{F392D75D-4255-43F3-873A-299F6859115A}.Release|iPhoneSimulator.ActiveCfg = Release|iPhoneSimulator
		{F392D75D-4255-43F3-873A-299F6859115A}.Release|iPhoneSimulator.Build.0 = Release|iPhoneSimulator
		{F392D75D-4255-43F3-873A-299F6859115A}.Debug|iPhone.ActiveCfg = Debug|iPhone
		{F392D75D-4255-43F3-873A-299F6859115A}.Debug|iPhone.Build.0 = Debug|iPhone
	EndGlobalSection
EndGlobal
